// !$*UTF8*$!
{
	archiveVersion = 1;
	classes = {
	};
	objectVersion = 46;
	objects = {

/* Begin PBXBuildFile section */
		65062C5619DCA5A70014FE7A /* AppDelegate.swift in Sources */ = {isa = PBXBuildFile; fileRef = 65062C5519DCA5A70014FE7A /* AppDelegate.swift */; };
		65062C5A19DCA5A70014FE7A /* GameScene.swift in Sources */ = {isa = PBXBuildFile; fileRef = 65062C5919DCA5A70014FE7A /* GameScene.swift */; };
		65062C5C19DCA5A70014FE7A /* GameViewController.swift in Sources */ = {isa = PBXBuildFile; fileRef = 65062C5B19DCA5A70014FE7A /* GameViewController.swift */; };
		65062C5F19DCA5A70014FE7A /* Main.storyboard in Resources */ = {isa = PBXBuildFile; fileRef = 65062C5D19DCA5A70014FE7A /* Main.storyboard */; };
		65062C6119DCA5A70014FE7A /* Images.xcassets in Resources */ = {isa = PBXBuildFile; fileRef = 65062C6019DCA5A70014FE7A /* Images.xcassets */; };
		65062C6419DCA5A70014FE7A /* LaunchScreen.xib in Resources */ = {isa = PBXBuildFile; fileRef = 65062C6219DCA5A70014FE7A /* LaunchScreen.xib */; };
		65062C7019DCA5A70014FE7A /* TetrisTests.swift in Sources */ = {isa = PBXBuildFile; fileRef = 65062C6F19DCA5A70014FE7A /* TetrisTests.swift */; };
		65062C7F19DCA7B30014FE7A /* bomb.mp3 in Resources */ = {isa = PBXBuildFile; fileRef = 65062C7A19DCA7B30014FE7A /* bomb.mp3 */; };
		65062C8019DCA7B30014FE7A /* drop.mp3 in Resources */ = {isa = PBXBuildFile; fileRef = 65062C7B19DCA7B30014FE7A /* drop.mp3 */; };
		65062C8119DCA7B30014FE7A /* gameover.mp3 in Resources */ = {isa = PBXBuildFile; fileRef = 65062C7C19DCA7B30014FE7A /* gameover.mp3 */; };
		65062C8219DCA7B30014FE7A /* levelup.mp3 in Resources */ = {isa = PBXBuildFile; fileRef = 65062C7D19DCA7B30014FE7A /* levelup.mp3 */; };
		65062C8319DCA7B30014FE7A /* theme.mp3 in Resources */ = {isa = PBXBuildFile; fileRef = 65062C7E19DCA7B30014FE7A /* theme.mp3 */; };
		65062C8519DCA7CE0014FE7A /* Sprites.atlas in Resources */ = {isa = PBXBuildFile; fileRef = 65062C8419DCA7CE0014FE7A /* Sprites.atlas */; };
		65062C8C19DCA7FD0014FE7A /* background.png in Resources */ = {isa = PBXBuildFile; fileRef = 65062C8619DCA7FD0014FE7A /* background.png */; };
		65062C8D19DCA7FD0014FE7A /* background@2x.png in Resources */ = {isa = PBXBuildFile; fileRef = 65062C8719DCA7FD0014FE7A /* background@2x.png */; };
		65062C8E19DCA7FD0014FE7A /* gameboard.png in Resources */ = {isa = PBXBuildFile; fileRef = 65062C8819DCA7FD0014FE7A /* gameboard.png */; };
		65062C8F19DCA7FD0014FE7A /* gameboard@2x.png in Resources */ = {isa = PBXBuildFile; fileRef = 65062C8919DCA7FD0014FE7A /* gameboard@2x.png */; };
		65062C9019DCA7FD0014FE7A /* whitebg.png in Resources */ = {isa = PBXBuildFile; fileRef = 65062C8A19DCA7FD0014FE7A /* whitebg.png */; };
		65062C9119DCA7FD0014FE7A /* whitebg@2x.png in Resources */ = {isa = PBXBuildFile; fileRef = 65062C8B19DCA7FD0014FE7A /* whitebg@2x.png */; };
		65062C9319DCB2A80014FE7A /* Array2D.swift in Sources */ = {isa = PBXBuildFile; fileRef = 65062C9219DCB2A80014FE7A /* Array2D.swift */; };
		652CFD7719DF6D8500E3BF49 /* Block.swift in Sources */ = {isa = PBXBuildFile; fileRef = 652CFD7619DF6D8500E3BF49 /* Block.swift */; };
		652CFD7919E1A74A00E3BF49 /* Shape.swift in Sources */ = {isa = PBXBuildFile; fileRef = 652CFD7819E1A74A00E3BF49 /* Shape.swift */; };
		652CFD7B19E32FE400E3BF49 /* SquareShape.swift in Sources */ = {isa = PBXBuildFile; fileRef = 652CFD7A19E32FE400E3BF49 /* SquareShape.swift */; };
		652CFD7D19E352BF00E3BF49 /* TShape.swift in Sources */ = {isa = PBXBuildFile; fileRef = 652CFD7C19E352BF00E3BF49 /* TShape.swift */; };
		652CFD7F19E3538300E3BF49 /* LShape.swift in Sources */ = {isa = PBXBuildFile; fileRef = 652CFD7E19E3538300E3BF49 /* LShape.swift */; };
		652CFD8119E353FA00E3BF49 /* JShape.swift in Sources */ = {isa = PBXBuildFile; fileRef = 652CFD8019E353FA00E3BF49 /* JShape.swift */; };
		652CFD8319E354C500E3BF49 /* SShape.swift in Sources */ = {isa = PBXBuildFile; fileRef = 652CFD8219E354C500E3BF49 /* SShape.swift */; };
		652CFD8519E3554C00E3BF49 /* ZShape.swift in Sources */ = {isa = PBXBuildFile; fileRef = 652CFD8419E3554C00E3BF49 /* ZShape.swift */; };
		65A68BD519F1785200E256C7 /* Alamofire.framework in Copy Frameworks */ = {isa = PBXBuildFile; fileRef = 65A68BCD19F1772F00E256C7 /* Alamofire.framework */; settings = {ATTRIBUTES = (CodeSignOnCopy, RemoveHeadersOnCopy, ); }; };
		65BCC2BE19E73484001FD8B2 /* LineShape.swift in Sources */ = {isa = PBXBuildFile; fileRef = 65BCC2BD19E73484001FD8B2 /* LineShape.swift */; };
		65BCC2C019E73CF2001FD8B2 /* Tetris.swift in Sources */ = {isa = PBXBuildFile; fileRef = 65BCC2BF19E73CF2001FD8B2 /* Tetris.swift */; };
/* End PBXBuildFile section */

/* Begin PBXContainerItemProxy section */
		65062C6A19DCA5A70014FE7A /* PBXContainerItemProxy */ = {
			isa = PBXContainerItemProxy;
			containerPortal = 65062C4819DCA5A70014FE7A /* Project object */;
			proxyType = 1;
			remoteGlobalIDString = 65062C4F19DCA5A70014FE7A;
			remoteInfo = Tetris;
		};
		65A68BCC19F1772F00E256C7 /* PBXContainerItemProxy */ = {
			isa = PBXContainerItemProxy;
			containerPortal = 65A68BC719F1772E00E256C7 /* Alamofire.xcodeproj */;
			proxyType = 2;
			remoteGlobalIDString = F8111E3319A95C8B0040E7D1;
			remoteInfo = Alamofire;
		};
		65A68BCE19F1772F00E256C7 /* PBXContainerItemProxy */ = {
			isa = PBXContainerItemProxy;
			containerPortal = 65A68BC719F1772E00E256C7 /* Alamofire.xcodeproj */;
			proxyType = 2;
			remoteGlobalIDString = F8111E3E19A95C8B0040E7D1;
			remoteInfo = AlamofireTests;
		};
		65A68BD219F177F900E256C7 /* PBXContainerItemProxy */ = {
			isa = PBXContainerItemProxy;
			containerPortal = 65A68BC719F1772E00E256C7 /* Alamofire.xcodeproj */;
			proxyType = 1;
			remoteGlobalIDString = F8111E3219A95C8B0040E7D1;
			remoteInfo = Alamofire;
		};
/* End PBXContainerItemProxy section */

/* Begin PBXCopyFilesBuildPhase section */
		65A68BD419F1783000E256C7 /* Copy Frameworks */ = {
			isa = PBXCopyFilesBuildPhase;
			buildActionMask = 8;
			dstPath = "";
			dstSubfolderSpec = 10;
			files = (
				65A68BD519F1785200E256C7 /* Alamofire.framework in Copy Frameworks */,
			);
			name = "Copy Frameworks";
			runOnlyForDeploymentPostprocessing = 1;
		};
/* End PBXCopyFilesBuildPhase section */

/* Begin PBXFileReference section */
		65062C5019DCA5A70014FE7A /* Tetris.app */ = {isa = PBXFileReference; explicitFileType = wrapper.application; includeInIndex = 0; path = Tetris.app; sourceTree = BUILT_PRODUCTS_DIR; };
		65062C5419DCA5A70014FE7A /* Info.plist */ = {isa = PBXFileReference; lastKnownFileType = text.plist.xml; path = Info.plist; sourceTree = "<group>"; };
		65062C5519DCA5A70014FE7A /* AppDelegate.swift */ = {isa = PBXFileReference; lastKnownFileType = sourcecode.swift; path = AppDelegate.swift; sourceTree = "<group>"; };
		65062C5919DCA5A70014FE7A /* GameScene.swift */ = {isa = PBXFileReference; lastKnownFileType = sourcecode.swift; path = GameScene.swift; sourceTree = "<group>"; };
		65062C5B19DCA5A70014FE7A /* GameViewController.swift */ = {isa = PBXFileReference; lastKnownFileType = sourcecode.swift; path = GameViewController.swift; sourceTree = "<group>"; };
		65062C5E19DCA5A70014FE7A /* Base */ = {isa = PBXFileReference; lastKnownFileType = file.storyboard; name = Base; path = Base.lproj/Main.storyboard; sourceTree = "<group>"; };
		65062C6019DCA5A70014FE7A /* Images.xcassets */ = {isa = PBXFileReference; lastKnownFileType = folder.assetcatalog; path = Images.xcassets; sourceTree = "<group>"; };
		65062C6319DCA5A70014FE7A /* Base */ = {isa = PBXFileReference; lastKnownFileType = file.xib; name = Base; path = Base.lproj/LaunchScreen.xib; sourceTree = "<group>"; };
		65062C6919DCA5A70014FE7A /* TetrisTests.xctest */ = {isa = PBXFileReference; explicitFileType = wrapper.cfbundle; includeInIndex = 0; path = TetrisTests.xctest; sourceTree = BUILT_PRODUCTS_DIR; };
		65062C6E19DCA5A70014FE7A /* Info.plist */ = {isa = PBXFileReference; lastKnownFileType = text.plist.xml; path = Info.plist; sourceTree = "<group>"; };
		65062C6F19DCA5A70014FE7A /* TetrisTests.swift */ = {isa = PBXFileReference; lastKnownFileType = sourcecode.swift; path = TetrisTests.swift; sourceTree = "<group>"; };
		65062C7A19DCA7B30014FE7A /* bomb.mp3 */ = {isa = PBXFileReference; lastKnownFileType = audio.mp3; path = bomb.mp3; sourceTree = "<group>"; };
		65062C7B19DCA7B30014FE7A /* drop.mp3 */ = {isa = PBXFileReference; lastKnownFileType = audio.mp3; path = drop.mp3; sourceTree = "<group>"; };
		65062C7C19DCA7B30014FE7A /* gameover.mp3 */ = {isa = PBXFileReference; lastKnownFileType = audio.mp3; path = gameover.mp3; sourceTree = "<group>"; };
		65062C7D19DCA7B30014FE7A /* levelup.mp3 */ = {isa = PBXFileReference; lastKnownFileType = audio.mp3; path = levelup.mp3; sourceTree = "<group>"; };
		65062C7E19DCA7B30014FE7A /* theme.mp3 */ = {isa = PBXFileReference; lastKnownFileType = audio.mp3; path = theme.mp3; sourceTree = "<group>"; };
		65062C8419DCA7CE0014FE7A /* Sprites.atlas */ = {isa = PBXFileReference; lastKnownFileType = folder.skatlas; path = Sprites.atlas; sourceTree = "<group>"; };
		65062C8619DCA7FD0014FE7A /* background.png */ = {isa = PBXFileReference; lastKnownFileType = image.png; path = background.png; sourceTree = "<group>"; };
		65062C8719DCA7FD0014FE7A /* background@2x.png */ = {isa = PBXFileReference; lastKnownFileType = image.png; path = "background@2x.png"; sourceTree = "<group>"; };
		65062C8819DCA7FD0014FE7A /* gameboard.png */ = {isa = PBXFileReference; lastKnownFileType = image.png; path = gameboard.png; sourceTree = "<group>"; };
		65062C8919DCA7FD0014FE7A /* gameboard@2x.png */ = {isa = PBXFileReference; lastKnownFileType = image.png; path = "gameboard@2x.png"; sourceTree = "<group>"; };
		65062C8A19DCA7FD0014FE7A /* whitebg.png */ = {isa = PBXFileReference; lastKnownFileType = image.png; path = whitebg.png; sourceTree = "<group>"; };
		65062C8B19DCA7FD0014FE7A /* whitebg@2x.png */ = {isa = PBXFileReference; lastKnownFileType = image.png; path = "whitebg@2x.png"; sourceTree = "<group>"; };
		65062C9219DCB2A80014FE7A /* Array2D.swift */ = {isa = PBXFileReference; fileEncoding = 4; lastKnownFileType = sourcecode.swift; path = Array2D.swift; sourceTree = "<group>"; };
		652CFD7619DF6D8500E3BF49 /* Block.swift */ = {isa = PBXFileReference; fileEncoding = 4; lastKnownFileType = sourcecode.swift; path = Block.swift; sourceTree = "<group>"; };
		652CFD7819E1A74A00E3BF49 /* Shape.swift */ = {isa = PBXFileReference; fileEncoding = 4; lastKnownFileType = sourcecode.swift; path = Shape.swift; sourceTree = "<group>"; };
		652CFD7A19E32FE400E3BF49 /* SquareShape.swift */ = {isa = PBXFileReference; fileEncoding = 4; lastKnownFileType = sourcecode.swift; path = SquareShape.swift; sourceTree = "<group>"; };
		652CFD7C19E352BF00E3BF49 /* TShape.swift */ = {isa = PBXFileReference; fileEncoding = 4; lastKnownFileType = sourcecode.swift; path = TShape.swift; sourceTree = "<group>"; };
		652CFD7E19E3538300E3BF49 /* LShape.swift */ = {isa = PBXFileReference; fileEncoding = 4; lastKnownFileType = sourcecode.swift; path = LShape.swift; sourceTree = "<group>"; };
		652CFD8019E353FA00E3BF49 /* JShape.swift */ = {isa = PBXFileReference; fileEncoding = 4; lastKnownFileType = sourcecode.swift; path = JShape.swift; sourceTree = "<group>"; };
		652CFD8219E354C500E3BF49 /* SShape.swift */ = {isa = PBXFileReference; fileEncoding = 4; lastKnownFileType = sourcecode.swift; path = SShape.swift; sourceTree = "<group>"; };
		652CFD8419E3554C00E3BF49 /* ZShape.swift */ = {isa = PBXFileReference; fileEncoding = 4; lastKnownFileType = sourcecode.swift; path = ZShape.swift; sourceTree = "<group>"; };
		65A68BC719F1772E00E256C7 /* Alamofire.xcodeproj */ = {isa = PBXFileReference; lastKnownFileType = "wrapper.pb-project"; name = Alamofire.xcodeproj; path = Alamofire/Alamofire.xcodeproj; sourceTree = "<group>"; };
		65BCC2BD19E73484001FD8B2 /* LineShape.swift */ = {isa = PBXFileReference; fileEncoding = 4; lastKnownFileType = sourcecode.swift; path = LineShape.swift; sourceTree = "<group>"; };
		65BCC2BF19E73CF2001FD8B2 /* Tetris.swift */ = {isa = PBXFileReference; fileEncoding = 4; lastKnownFileType = sourcecode.swift; path = Tetris.swift; sourceTree = "<group>"; };
/* End PBXFileReference section */

/* Begin PBXFrameworksBuildPhase section */
		65062C4D19DCA5A70014FE7A /* Frameworks */ = {
			isa = PBXFrameworksBuildPhase;
			buildActionMask = 2147483647;
			files = (
			);
			runOnlyForDeploymentPostprocessing = 0;
		};
		65062C6619DCA5A70014FE7A /* Frameworks */ = {
			isa = PBXFrameworksBuildPhase;
			buildActionMask = 2147483647;
			files = (
			);
			runOnlyForDeploymentPostprocessing = 0;
		};
/* End PBXFrameworksBuildPhase section */

/* Begin PBXGroup section */
		65062C4719DCA5A70014FE7A = {
			isa = PBXGroup;
			children = (
				65A68BC719F1772E00E256C7 /* Alamofire.xcodeproj */,
				65062C5219DCA5A70014FE7A /* Tetris */,
				65062C6C19DCA5A70014FE7A /* TetrisTests */,
				65062C5119DCA5A70014FE7A /* Products */,
			);
			sourceTree = "<group>";
		};
		65062C5119DCA5A70014FE7A /* Products */ = {
			isa = PBXGroup;
			children = (
				65062C5019DCA5A70014FE7A /* Tetris.app */,
				65062C6919DCA5A70014FE7A /* TetrisTests.xctest */,
			);
			name = Products;
			sourceTree = "<group>";
		};
		65062C5219DCA5A70014FE7A /* Tetris */ = {
			isa = PBXGroup;
			children = (
				65062C5919DCA5A70014FE7A /* GameScene.swift */,
				65062C5519DCA5A70014FE7A /* AppDelegate.swift */,
				65062C5B19DCA5A70014FE7A /* GameViewController.swift */,
				65BCC2BF19E73CF2001FD8B2 /* Tetris.swift */,
				65BCC2BB19E72DC4001FD8B2 /* Models */,
				65BCC2BC19E72E20001FD8B2 /* Views */,
				65062C6019DCA5A70014FE7A /* Images.xcassets */,
				65062C8419DCA7CE0014FE7A /* Sprites.atlas */,
				65062C7919DCA7B30014FE7A /* Sounds */,
				65062C5319DCA5A70014FE7A /* Supporting Files */,
			);
			path = Tetris;
			sourceTree = "<group>";
		};
		65062C5319DCA5A70014FE7A /* Supporting Files */ = {
			isa = PBXGroup;
			children = (
				65062C8619DCA7FD0014FE7A /* background.png */,
				65062C8719DCA7FD0014FE7A /* background@2x.png */,
				65062C8819DCA7FD0014FE7A /* gameboard.png */,
				65062C8919DCA7FD0014FE7A /* gameboard@2x.png */,
				65062C8A19DCA7FD0014FE7A /* whitebg.png */,
				65062C8B19DCA7FD0014FE7A /* whitebg@2x.png */,
				65062C5419DCA5A70014FE7A /* Info.plist */,
			);
			name = "Supporting Files";
			sourceTree = "<group>";
		};
		65062C6C19DCA5A70014FE7A /* TetrisTests */ = {
			isa = PBXGroup;
			children = (
				65062C6F19DCA5A70014FE7A /* TetrisTests.swift */,
				65062C6D19DCA5A70014FE7A /* Supporting Files */,
			);
			path = TetrisTests;
			sourceTree = "<group>";
		};
		65062C6D19DCA5A70014FE7A /* Supporting Files */ = {
			isa = PBXGroup;
			children = (
				65062C6E19DCA5A70014FE7A /* Info.plist */,
			);
			name = "Supporting Files";
			sourceTree = "<group>";
		};
		65062C7919DCA7B30014FE7A /* Sounds */ = {
			isa = PBXGroup;
			children = (
				65062C7A19DCA7B30014FE7A /* bomb.mp3 */,
				65062C7B19DCA7B30014FE7A /* drop.mp3 */,
				65062C7C19DCA7B30014FE7A /* gameover.mp3 */,
				65062C7D19DCA7B30014FE7A /* levelup.mp3 */,
				65062C7E19DCA7B30014FE7A /* theme.mp3 */,
			);
			path = Sounds;
			sourceTree = "<group>";
		};
		65A68BC819F1772E00E256C7 /* Products */ = {
			isa = PBXGroup;
			children = (
				65A68BCD19F1772F00E256C7 /* Alamofire.framework */,
				65A68BCF19F1772F00E256C7 /* AlamofireTests.xctest */,
			);
			name = Products;
			sourceTree = "<group>";
		};
		65BCC2BB19E72DC4001FD8B2 /* Models */ = {
			isa = PBXGroup;
			children = (
				652CFD7619DF6D8500E3BF49 /* Block.swift */,
				652CFD7A19E32FE400E3BF49 /* SquareShape.swift */,
				652CFD7C19E352BF00E3BF49 /* TShape.swift */,
				652CFD7E19E3538300E3BF49 /* LShape.swift */,
				652CFD8019E353FA00E3BF49 /* JShape.swift */,
				652CFD8219E354C500E3BF49 /* SShape.swift */,
				652CFD8419E3554C00E3BF49 /* ZShape.swift */,
				652CFD7819E1A74A00E3BF49 /* Shape.swift */,
				65BCC2BD19E73484001FD8B2 /* LineShape.swift */,
				65062C9219DCB2A80014FE7A /* Array2D.swift */,
			);
			name = Models;
			sourceTree = "<group>";
		};
		65BCC2BC19E72E20001FD8B2 /* Views */ = {
			isa = PBXGroup;
			children = (
				65062C5D19DCA5A70014FE7A /* Main.storyboard */,
				65062C6219DCA5A70014FE7A /* LaunchScreen.xib */,
			);
			name = Views;
			path = ..;
			sourceTree = "<group>";
		};
/* End PBXGroup section */

/* Begin PBXNativeTarget section */
		65062C4F19DCA5A70014FE7A /* Tetris */ = {
			isa = PBXNativeTarget;
			buildConfigurationList = 65062C7319DCA5A70014FE7A /* Build configuration list for PBXNativeTarget "Tetris" */;
			buildPhases = (
				65062C4C19DCA5A70014FE7A /* Sources */,
				65062C4D19DCA5A70014FE7A /* Frameworks */,
				65062C4E19DCA5A70014FE7A /* Resources */,
				65A68BD419F1783000E256C7 /* Copy Frameworks */,
			);
			buildRules = (
			);
			dependencies = (
				65A68BD319F177F900E256C7 /* PBXTargetDependency */,
			);
			name = Tetris;
			productName = Tetris;
			productReference = 65062C5019DCA5A70014FE7A /* Tetris.app */;
			productType = "com.apple.product-type.application";
		};
		65062C6819DCA5A70014FE7A /* TetrisTests */ = {
			isa = PBXNativeTarget;
			buildConfigurationList = 65062C7619DCA5A70014FE7A /* Build configuration list for PBXNativeTarget "TetrisTests" */;
			buildPhases = (
				65062C6519DCA5A70014FE7A /* Sources */,
				65062C6619DCA5A70014FE7A /* Frameworks */,
				65062C6719DCA5A70014FE7A /* Resources */,
			);
			buildRules = (
			);
			dependencies = (
				65062C6B19DCA5A70014FE7A /* PBXTargetDependency */,
			);
			name = TetrisTests;
			productName = TetrisTests;
			productReference = 65062C6919DCA5A70014FE7A /* TetrisTests.xctest */;
			productType = "com.apple.product-type.bundle.unit-test";
		};
/* End PBXNativeTarget section */

/* Begin PBXProject section */
		65062C4819DCA5A70014FE7A /* Project object */ = {
			isa = PBXProject;
			attributes = {
				LastUpgradeCheck = 0600;
				ORGANIZATIONNAME = 01Logic;
				TargetAttributes = {
					65062C4F19DCA5A70014FE7A = {
						CreatedOnToolsVersion = 6.0.1;
					};
					65062C6819DCA5A70014FE7A = {
						CreatedOnToolsVersion = 6.0.1;
						TestTargetID = 65062C4F19DCA5A70014FE7A;
					};
				};
			};
			buildConfigurationList = 65062C4B19DCA5A70014FE7A /* Build configuration list for PBXProject "Tetris" */;
			compatibilityVersion = "Xcode 3.2";
			developmentRegion = English;
			hasScannedForEncodings = 0;
			knownRegions = (
				en,
				Base,
			);
			mainGroup = 65062C4719DCA5A70014FE7A;
			productRefGroup = 65062C5119DCA5A70014FE7A /* Products */;
			projectDirPath = "";
			projectReferences = (
				{
					ProductGroup = 65A68BC819F1772E00E256C7 /* Products */;
					ProjectRef = 65A68BC719F1772E00E256C7 /* Alamofire.xcodeproj */;
				},
			);
			projectRoot = "";
			targets = (
				65062C4F19DCA5A70014FE7A /* Tetris */,
				65062C6819DCA5A70014FE7A /* TetrisTests */,
			);
		};
/* End PBXProject section */

/* Begin PBXReferenceProxy section */
		65A68BCD19F1772F00E256C7 /* Alamofire.framework */ = {
			isa = PBXReferenceProxy;
			fileType = wrapper.framework;
			path = Alamofire.framework;
			remoteRef = 65A68BCC19F1772F00E256C7 /* PBXContainerItemProxy */;
			sourceTree = BUILT_PRODUCTS_DIR;
		};
		65A68BCF19F1772F00E256C7 /* AlamofireTests.xctest */ = {
			isa = PBXReferenceProxy;
			fileType = wrapper.cfbundle;
			path = AlamofireTests.xctest;
			remoteRef = 65A68BCE19F1772F00E256C7 /* PBXContainerItemProxy */;
			sourceTree = BUILT_PRODUCTS_DIR;
		};
/* End PBXReferenceProxy section */

/* Begin PBXResourcesBuildPhase section */
		65062C4E19DCA5A70014FE7A /* Resources */ = {
			isa = PBXResourcesBuildPhase;
			buildActionMask = 2147483647;
			files = (
				65062C6419DCA5A70014FE7A /* LaunchScreen.xib in Resources */,
				65062C8D19DCA7FD0014FE7A /* background@2x.png in Resources */,
				65062C9019DCA7FD0014FE7A /* whitebg.png in Resources */,
				65062C8F19DCA7FD0014FE7A /* gameboard@2x.png in Resources */,
				65062C8E19DCA7FD0014FE7A /* gameboard.png in Resources */,
				65062C8C19DCA7FD0014FE7A /* background.png in Resources */,
				65062C8019DCA7B30014FE7A /* drop.mp3 in Resources */,
				65062C9119DCA7FD0014FE7A /* whitebg@2x.png in Resources */,
				65062C8319DCA7B30014FE7A /* theme.mp3 in Resources */,
				65062C8119DCA7B30014FE7A /* gameover.mp3 in Resources */,
				65062C6119DCA5A70014FE7A /* Images.xcassets in Resources */,
				65062C8219DCA7B30014FE7A /* levelup.mp3 in Resources */,
				65062C8519DCA7CE0014FE7A /* Sprites.atlas in Resources */,
				65062C7F19DCA7B30014FE7A /* bomb.mp3 in Resources */,
				65062C5F19DCA5A70014FE7A /* Main.storyboard in Resources */,
			);
			runOnlyForDeploymentPostprocessing = 0;
		};
		65062C6719DCA5A70014FE7A /* Resources */ = {
			isa = PBXResourcesBuildPhase;
			buildActionMask = 2147483647;
			files = (
			);
			runOnlyForDeploymentPostprocessing = 0;
		};
/* End PBXResourcesBuildPhase section */

/* Begin PBXSourcesBuildPhase section */
		65062C4C19DCA5A70014FE7A /* Sources */ = {
			isa = PBXSourcesBuildPhase;
			buildActionMask = 2147483647;
			files = (
				65BCC2BE19E73484001FD8B2 /* LineShape.swift in Sources */,
				652CFD7B19E32FE400E3BF49 /* SquareShape.swift in Sources */,
				65BCC2C019E73CF2001FD8B2 /* Tetris.swift in Sources */,
				65062C5A19DCA5A70014FE7A /* GameScene.swift in Sources */,
				652CFD8119E353FA00E3BF49 /* JShape.swift in Sources */,
				652CFD7919E1A74A00E3BF49 /* Shape.swift in Sources */,
				65062C9319DCB2A80014FE7A /* Array2D.swift in Sources */,
				652CFD7D19E352BF00E3BF49 /* TShape.swift in Sources */,
				652CFD8519E3554C00E3BF49 /* ZShape.swift in Sources */,
				652CFD7F19E3538300E3BF49 /* LShape.swift in Sources */,
				652CFD8319E354C500E3BF49 /* SShape.swift in Sources */,
				652CFD7719DF6D8500E3BF49 /* Block.swift in Sources */,
				65062C5C19DCA5A70014FE7A /* GameViewController.swift in Sources */,
				65062C5619DCA5A70014FE7A /* AppDelegate.swift in Sources */,
			);
			runOnlyForDeploymentPostprocessing = 0;
		};
		65062C6519DCA5A70014FE7A /* Sources */ = {
			isa = PBXSourcesBuildPhase;
			buildActionMask = 2147483647;
			files = (
				65062C7019DCA5A70014FE7A /* TetrisTests.swift in Sources */,
			);
			runOnlyForDeploymentPostprocessing = 0;
		};
/* End PBXSourcesBuildPhase section */

/* Begin PBXTargetDependency section */
		65062C6B19DCA5A70014FE7A /* PBXTargetDependency */ = {
			isa = PBXTargetDependency;
			target = 65062C4F19DCA5A70014FE7A /* Tetris */;
			targetProxy = 65062C6A19DCA5A70014FE7A /* PBXContainerItemProxy */;
		};
		65A68BD319F177F900E256C7 /* PBXTargetDependency */ = {
			isa = PBXTargetDependency;
			name = Alamofire;
			targetProxy = 65A68BD219F177F900E256C7 /* PBXContainerItemProxy */;
		};
/* End PBXTargetDependency section */

/* Begin PBXVariantGroup section */
		65062C5D19DCA5A70014FE7A /* Main.storyboard */ = {
			isa = PBXVariantGroup;
			children = (
				65062C5E19DCA5A70014FE7A /* Base */,
			);
			name = Main.storyboard;
			path = Tetris;
			sourceTree = "<group>";
		};
		65062C6219DCA5A70014FE7A /* LaunchScreen.xib */ = {
			isa = PBXVariantGroup;
			children = (
				65062C6319DCA5A70014FE7A /* Base */,
			);
			name = LaunchScreen.xib;
			path = Tetris;
			sourceTree = "<group>";
		};
/* End PBXVariantGroup section */

/* Begin XCBuildConfiguration section */
		65062C7119DCA5A70014FE7A /* Debug */ = {
			isa = XCBuildConfiguration;
			buildSettings = {
				ALWAYS_SEARCH_USER_PATHS = NO;
				CLANG_CXX_LANGUAGE_STANDARD = "gnu++0x";
				CLANG_CXX_LIBRARY = "libc++";
				CLANG_ENABLE_MODULES = YES;
				CLANG_ENABLE_OBJC_ARC = YES;
				CLANG_WARN_BOOL_CONVERSION = YES;
				CLANG_WARN_CONSTANT_CONVERSION = YES;
				CLANG_WARN_DIRECT_OBJC_ISA_USAGE = YES_ERROR;
				CLANG_WARN_EMPTY_BODY = YES;
				CLANG_WARN_ENUM_CONVERSION = YES;
				CLANG_WARN_INT_CONVERSION = YES;
				CLANG_WARN_OBJC_ROOT_CLASS = YES_ERROR;
				CLANG_WARN_UNREACHABLE_CODE = YES;
				CLANG_WARN__DUPLICATE_METHOD_MATCH = YES;
				"CODE_SIGN_IDENTITY[sdk=iphoneos*]" = "iPhone Developer";
				COPY_PHASE_STRIP = NO;
				ENABLE_STRICT_OBJC_MSGSEND = YES;
				GCC_C_LANGUAGE_STANDARD = gnu99;
				GCC_DYNAMIC_NO_PIC = NO;
				GCC_OPTIMIZATION_LEVEL = 0;
				GCC_PREPROCESSOR_DEFINITIONS = (
					"DEBUG=1",
					"$(inherited)",
				);
				GCC_SYMBOLS_PRIVATE_EXTERN = NO;
				GCC_WARN_64_TO_32_BIT_CONVERSION = YES;
				GCC_WARN_ABOUT_RETURN_TYPE = YES_ERROR;
				GCC_WARN_UNDECLARED_SELECTOR = YES;
				GCC_WARN_UNINITIALIZED_AUTOS = YES_AGGRESSIVE;
				GCC_WARN_UNUSED_FUNCTION = YES;
				GCC_WARN_UNUSED_VARIABLE = YES;
				IPHONEOS_DEPLOYMENT_TARGET = 8.0;
				MTL_ENABLE_DEBUG_INFO = YES;
				ONLY_ACTIVE_ARCH = YES;
				SDKROOT = iphoneos;
				SWIFT_OPTIMIZATION_LEVEL = "-Onone";
			};
			name = Debug;
		};
		65062C7219DCA5A70014FE7A /* Release */ = {
			isa = XCBuildConfiguration;
			buildSettings = {
				ALWAYS_SEARCH_USER_PATHS = NO;
				CLANG_CXX_LANGUAGE_STANDARD = "gnu++0x";
				CLANG_CXX_LIBRARY = "libc++";
				CLANG_ENABLE_MODULES = YES;
				CLANG_ENABLE_OBJC_ARC = YES;
				CLANG_WARN_BOOL_CONVERSION = YES;
				CLANG_WARN_CONSTANT_CONVERSION = YES;
				CLANG_WARN_DIRECT_OBJC_ISA_USAGE = YES_ERROR;
				CLANG_WARN_EMPTY_BODY = YES;
				CLANG_WARN_ENUM_CONVERSION = YES;
				CLANG_WARN_INT_CONVERSION = YES;
				CLANG_WARN_OBJC_ROOT_CLASS = YES_ERROR;
				CLANG_WARN_UNREACHABLE_CODE = YES;
				CLANG_WARN__DUPLICATE_METHOD_MATCH = YES;
				"CODE_SIGN_IDENTITY[sdk=iphoneos*]" = "iPhone Developer";
				COPY_PHASE_STRIP = YES;
				ENABLE_NS_ASSERTIONS = NO;
				ENABLE_STRICT_OBJC_MSGSEND = YES;
				GCC_C_LANGUAGE_STANDARD = gnu99;
				GCC_WARN_64_TO_32_BIT_CONVERSION = YES;
				GCC_WARN_ABOUT_RETURN_TYPE = YES_ERROR;
				GCC_WARN_UNDECLARED_SELECTOR = YES;
				GCC_WARN_UNINITIALIZED_AUTOS = YES_AGGRESSIVE;
				GCC_WARN_UNUSED_FUNCTION = YES;
				GCC_WARN_UNUSED_VARIABLE = YES;
				IPHONEOS_DEPLOYMENT_TARGET = 8.0;
				MTL_ENABLE_DEBUG_INFO = NO;
				SDKROOT = iphoneos;
				VALIDATE_PRODUCT = YES;
			};
			name = Release;
		};
		65062C7419DCA5A70014FE7A /* Debug */ = {
			isa = XCBuildConfiguration;
			buildSettings = {
				ASSETCATALOG_COMPILER_APPICON_NAME = AppIcon;
				INFOPLIST_FILE = Tetris/Info.plist;
				LD_RUNPATH_SEARCH_PATHS = "$(inherited) @executable_path/Frameworks";
				PRODUCT_NAME = "$(TARGET_NAME)";
			};
			name = Debug;
		};
		65062C7519DCA5A70014FE7A /* Release */ = {
			isa = XCBuildConfiguration;
			buildSettings = {
				ASSETCATALOG_COMPILER_APPICON_NAME = AppIcon;
				INFOPLIST_FILE = Tetris/Info.plist;
				LD_RUNPATH_SEARCH_PATHS = "$(inherited) @executable_path/Frameworks";
				PRODUCT_NAME = "$(TARGET_NAME)";
			};
			name = Release;
		};
		65062C7719DCA5A70014FE7A /* Debug */ = {
			isa = XCBuildConfiguration;
			buildSettings = {
				BUNDLE_LOADER = "$(TEST_HOST)";
				FRAMEWORK_SEARCH_PATHS = (
					"$(SDKROOT)/Developer/Library/Frameworks",
					"$(inherited)",
				);
				GCC_PREPROCESSOR_DEFINITIONS = (
					"DEBUG=1",
					"$(inherited)",
				);
				INFOPLIST_FILE = TetrisTests/Info.plist;
				LD_RUNPATH_SEARCH_PATHS = "$(inherited) @executable_path/Frameworks @loader_path/Frameworks";
				PRODUCT_NAME = "$(TARGET_NAME)";
				TEST_HOST = "$(BUILT_PRODUCTS_DIR)/Tetris.app/Tetris";
			};
			name = Debug;
		};
		65062C7819DCA5A70014FE7A /* Release */ = {
			isa = XCBuildConfiguration;
			buildSettings = {
				BUNDLE_LOADER = "$(TEST_HOST)";
				FRAMEWORK_SEARCH_PATHS = (
					"$(SDKROOT)/Developer/Library/Frameworks",
					"$(inherited)",
				);
				INFOPLIST_FILE = TetrisTests/Info.plist;
				LD_RUNPATH_SEARCH_PATHS = "$(inherited) @executable_path/Frameworks @loader_path/Frameworks";
				PRODUCT_NAME = "$(TARGET_NAME)";
				TEST_HOST = "$(BUILT_PRODUCTS_DIR)/Tetris.app/Tetris";
			};
			name = Release;
		};
/* End XCBuildConfiguration section */

/* Begin XCConfigurationList section */
		65062C4B19DCA5A70014FE7A /* Build configuration list for PBXProject "Tetris" */ = {
			isa = XCConfigurationList;
			buildConfigurations = (
				65062C7119DCA5A70014FE7A /* Debug */,
				65062C7219DCA5A70014FE7A /* Release */,
			);
			defaultConfigurationIsVisible = 0;
			defaultConfigurationName = Release;
		};
		65062C7319DCA5A70014FE7A /* Build configuration list for PBXNativeTarget "Tetris" */ = {
			isa = XCConfigurationList;
			buildConfigurations = (
				65062C7419DCA5A70014FE7A /* Debug */,
				65062C7519DCA5A70014FE7A /* Release */,
			);
			defaultConfigurationIsVisible = 0;
			defaultConfigurationName = Release;
		};
		65062C7619DCA5A70014FE7A /* Build configuration list for PBXNativeTarget "TetrisTests" */ = {
			isa = XCConfigurationList;
			buildConfigurations = (
				65062C7719DCA5A70014FE7A /* Debug */,
				65062C7819DCA5A70014FE7A /* Release */,
			);
			defaultConfigurationIsVisible = 0;
			defaultConfigurationName = Release;
		};
/* End XCConfigurationList section */
	};
	rootObject = 65062C4819DCA5A70014FE7A /* Project object */;
}
